// !$*UTF8*$!
{
	archiveVersion = 1;
	classes = {
	};
	objectVersion = 46;
	objects = {

/* Begin PBXBuildFile section */
		8F08C4681D40A1E800DB01D9 /* CustomSearchBar.swift in Sources */ = {isa = PBXBuildFile; fileRef = 8F08C4671D40A1E800DB01D9 /* CustomSearchBar.swift */; };
		8F10A7A11D2C739000F06E7C /* AppDelegate.swift in Sources */ = {isa = PBXBuildFile; fileRef = 8F10A7A01D2C739000F06E7C /* AppDelegate.swift */; };
		8F10A7A61D2C739000F06E7C /* Main.storyboard in Resources */ = {isa = PBXBuildFile; fileRef = 8F10A7A41D2C739000F06E7C /* Main.storyboard */; };
		8F10A7A81D2C739000F06E7C /* Assets.xcassets in Resources */ = {isa = PBXBuildFile; fileRef = 8F10A7A71D2C739000F06E7C /* Assets.xcassets */; };
		8F10A7AB1D2C739000F06E7C /* LaunchScreen.storyboard in Resources */ = {isa = PBXBuildFile; fileRef = 8F10A7A91D2C739000F06E7C /* LaunchScreen.storyboard */; };
		8F10A7B61D2C739100F06E7C /* StockTrackTests.swift in Sources */ = {isa = PBXBuildFile; fileRef = 8F10A7B51D2C739100F06E7C /* StockTrackTests.swift */; };
		8F10A7C11D2C739100F06E7C /* StockTrackUITests.swift in Sources */ = {isa = PBXBuildFile; fileRef = 8F10A7C01D2C739100F06E7C /* StockTrackUITests.swift */; };
		8F10A7CF1D2C73F500F06E7C /* Stock.swift in Sources */ = {isa = PBXBuildFile; fileRef = 8F10A7CE1D2C73F500F06E7C /* Stock.swift */; };
		8F10A7D11D2C7ABA00F06E7C /* NetworkController.swift in Sources */ = {isa = PBXBuildFile; fileRef = 8F10A7D01D2C7ABA00F06E7C /* NetworkController.swift */; };
		8F10A7D31D2C7CF600F06E7C /* StockController.swift in Sources */ = {isa = PBXBuildFile; fileRef = 8F10A7D21D2C7CF600F06E7C /* StockController.swift */; };
		8F10A7DA1D2CA19900F06E7C /* StockListViewController.swift in Sources */ = {isa = PBXBuildFile; fileRef = 8F10A7D91D2CA19900F06E7C /* StockListViewController.swift */; };
		8F10A7DC1D2CA26F00F06E7C /* StockTableViewCell.swift in Sources */ = {isa = PBXBuildFile; fileRef = 8F10A7DB1D2CA26F00F06E7C /* StockTableViewCell.swift */; };
		8F10A8281D2DB81F00F06E7C /* ColorPalette.swift in Sources */ = {isa = PBXBuildFile; fileRef = 8F10A8271D2DB81F00F06E7C /* ColorPalette.swift */; };
		8F10A82B1D2DB89E00F06E7C /* AppearanceController.swift in Sources */ = {isa = PBXBuildFile; fileRef = 8F10A82A1D2DB89E00F06E7C /* AppearanceController.swift */; };
		8F49A9381DAE9250005B7C4F /* StockDetailViewController.swift in Sources */ = {isa = PBXBuildFile; fileRef = 8F49A9371DAE9250005B7C4F /* StockDetailViewController.swift */; };
		8F49A9411DB7D636005B7C4F /* NumberFormatter.swift in Sources */ = {isa = PBXBuildFile; fileRef = 8F49A9401DB7D636005B7C4F /* NumberFormatter.swift */; };
		8FEA78631D33F71500A2AAAA /* StockSearchViewController.swift in Sources */ = {isa = PBXBuildFile; fileRef = 8FEA78621D33F71500A2AAAA /* StockSearchViewController.swift */; };
		8FEA78651D33FAF900A2AAAA /* StockSearchTableViewCell.swift in Sources */ = {isa = PBXBuildFile; fileRef = 8FEA78641D33FAF900A2AAAA /* StockSearchTableViewCell.swift */; };
/* End PBXBuildFile section */

/* Begin PBXContainerItemProxy section */
		8F10A7B21D2C739100F06E7C /* PBXContainerItemProxy */ = {
			isa = PBXContainerItemProxy;
			containerPortal = 8F10A7951D2C739000F06E7C /* Project object */;
			proxyType = 1;
			remoteGlobalIDString = 8F10A79C1D2C739000F06E7C;
			remoteInfo = StockTrack;
		};
		8F10A7BD1D2C739100F06E7C /* PBXContainerItemProxy */ = {
			isa = PBXContainerItemProxy;
			containerPortal = 8F10A7951D2C739000F06E7C /* Project object */;
			proxyType = 1;
			remoteGlobalIDString = 8F10A79C1D2C739000F06E7C;
			remoteInfo = StockTrack;
		};
/* End PBXContainerItemProxy section */

/* Begin PBXFileReference section */
		8F08C4671D40A1E800DB01D9 /* CustomSearchBar.swift */ = {isa = PBXFileReference; fileEncoding = 4; lastKnownFileType = sourcecode.swift; path = CustomSearchBar.swift; sourceTree = "<group>"; };
		8F10A79D1D2C739000F06E7C /* StockTrack.app */ = {isa = PBXFileReference; explicitFileType = wrapper.application; includeInIndex = 0; path = StockTrack.app; sourceTree = BUILT_PRODUCTS_DIR; };
		8F10A7A01D2C739000F06E7C /* AppDelegate.swift */ = {isa = PBXFileReference; lastKnownFileType = sourcecode.swift; path = AppDelegate.swift; sourceTree = "<group>"; };
		8F10A7A51D2C739000F06E7C /* Base */ = {isa = PBXFileReference; lastKnownFileType = file.storyboard; name = Base; path = Base.lproj/Main.storyboard; sourceTree = "<group>"; };
		8F10A7A71D2C739000F06E7C /* Assets.xcassets */ = {isa = PBXFileReference; lastKnownFileType = folder.assetcatalog; path = Assets.xcassets; sourceTree = "<group>"; };
		8F10A7AA1D2C739000F06E7C /* Base */ = {isa = PBXFileReference; lastKnownFileType = file.storyboard; name = Base; path = Base.lproj/LaunchScreen.storyboard; sourceTree = "<group>"; };
		8F10A7AC1D2C739000F06E7C /* Info.plist */ = {isa = PBXFileReference; lastKnownFileType = text.plist.xml; path = Info.plist; sourceTree = "<group>"; };
		8F10A7B11D2C739100F06E7C /* StockTrackTests.xctest */ = {isa = PBXFileReference; explicitFileType = wrapper.cfbundle; includeInIndex = 0; path = StockTrackTests.xctest; sourceTree = BUILT_PRODUCTS_DIR; };
		8F10A7B51D2C739100F06E7C /* StockTrackTests.swift */ = {isa = PBXFileReference; lastKnownFileType = sourcecode.swift; path = StockTrackTests.swift; sourceTree = "<group>"; };
		8F10A7B71D2C739100F06E7C /* Info.plist */ = {isa = PBXFileReference; lastKnownFileType = text.plist.xml; path = Info.plist; sourceTree = "<group>"; };
		8F10A7BC1D2C739100F06E7C /* StockTrackUITests.xctest */ = {isa = PBXFileReference; explicitFileType = wrapper.cfbundle; includeInIndex = 0; path = StockTrackUITests.xctest; sourceTree = BUILT_PRODUCTS_DIR; };
		8F10A7C01D2C739100F06E7C /* StockTrackUITests.swift */ = {isa = PBXFileReference; lastKnownFileType = sourcecode.swift; path = StockTrackUITests.swift; sourceTree = "<group>"; };
		8F10A7C21D2C739100F06E7C /* Info.plist */ = {isa = PBXFileReference; lastKnownFileType = text.plist.xml; path = Info.plist; sourceTree = "<group>"; };
		8F10A7CE1D2C73F500F06E7C /* Stock.swift */ = {isa = PBXFileReference; fileEncoding = 4; lastKnownFileType = sourcecode.swift; path = Stock.swift; sourceTree = "<group>"; };
		8F10A7D01D2C7ABA00F06E7C /* NetworkController.swift */ = {isa = PBXFileReference; fileEncoding = 4; lastKnownFileType = sourcecode.swift; path = NetworkController.swift; sourceTree = "<group>"; };
		8F10A7D21D2C7CF600F06E7C /* StockController.swift */ = {isa = PBXFileReference; fileEncoding = 4; lastKnownFileType = sourcecode.swift; path = StockController.swift; sourceTree = "<group>"; };
		8F10A7D91D2CA19900F06E7C /* StockListViewController.swift */ = {isa = PBXFileReference; fileEncoding = 4; lastKnownFileType = sourcecode.swift; path = StockListViewController.swift; sourceTree = "<group>"; };
		8F10A7DB1D2CA26F00F06E7C /* StockTableViewCell.swift */ = {isa = PBXFileReference; fileEncoding = 4; lastKnownFileType = sourcecode.swift; path = StockTableViewCell.swift; sourceTree = "<group>"; };
		8F10A8271D2DB81F00F06E7C /* ColorPalette.swift */ = {isa = PBXFileReference; fileEncoding = 4; lastKnownFileType = sourcecode.swift; path = ColorPalette.swift; sourceTree = "<group>"; };
		8F10A82A1D2DB89E00F06E7C /* AppearanceController.swift */ = {isa = PBXFileReference; fileEncoding = 4; lastKnownFileType = sourcecode.swift; path = AppearanceController.swift; sourceTree = "<group>"; };
		8F49A9371DAE9250005B7C4F /* StockDetailViewController.swift */ = {isa = PBXFileReference; fileEncoding = 4; lastKnownFileType = sourcecode.swift; path = StockDetailViewController.swift; sourceTree = "<group>"; };
		8F49A9401DB7D636005B7C4F /* NumberFormatter.swift */ = {isa = PBXFileReference; fileEncoding = 4; lastKnownFileType = sourcecode.swift; path = NumberFormatter.swift; sourceTree = "<group>"; };
		8FEA78621D33F71500A2AAAA /* StockSearchViewController.swift */ = {isa = PBXFileReference; fileEncoding = 4; lastKnownFileType = sourcecode.swift; path = StockSearchViewController.swift; sourceTree = "<group>"; };
		8FEA78641D33FAF900A2AAAA /* StockSearchTableViewCell.swift */ = {isa = PBXFileReference; fileEncoding = 4; lastKnownFileType = sourcecode.swift; path = StockSearchTableViewCell.swift; sourceTree = "<group>"; };
/* End PBXFileReference section */

/* Begin PBXFrameworksBuildPhase section */
		8F10A79A1D2C739000F06E7C /* Frameworks */ = {
			isa = PBXFrameworksBuildPhase;
			buildActionMask = 2147483647;
			files = (
			);
			runOnlyForDeploymentPostprocessing = 0;
		};
		8F10A7AE1D2C739100F06E7C /* Frameworks */ = {
			isa = PBXFrameworksBuildPhase;
			buildActionMask = 2147483647;
			files = (
			);
			runOnlyForDeploymentPostprocessing = 0;
		};
		8F10A7B91D2C739100F06E7C /* Frameworks */ = {
			isa = PBXFrameworksBuildPhase;
			buildActionMask = 2147483647;
			files = (
			);
			runOnlyForDeploymentPostprocessing = 0;
		};
/* End PBXFrameworksBuildPhase section */

/* Begin PBXGroup section */
		8F10A7941D2C739000F06E7C = {
			isa = PBXGroup;
			children = (
				8F10A79F1D2C739000F06E7C /* StockTrack */,
				8F10A7B41D2C739100F06E7C /* StockTrackTests */,
				8F10A7BF1D2C739100F06E7C /* StockTrackUITests */,
				8F10A79E1D2C739000F06E7C /* Products */,
			);
			sourceTree = "<group>";
		};
		8F10A79E1D2C739000F06E7C /* Products */ = {
			isa = PBXGroup;
			children = (
				8F10A79D1D2C739000F06E7C /* StockTrack.app */,
				8F10A7B11D2C739100F06E7C /* StockTrackTests.xctest */,
				8F10A7BC1D2C739100F06E7C /* StockTrackUITests.xctest */,
			);
			name = Products;
			sourceTree = "<group>";
		};
		8F10A79F1D2C739000F06E7C /* StockTrack */ = {
			isa = PBXGroup;
			children = (
				8F10A7A01D2C739000F06E7C /* AppDelegate.swift */,
				8F49A93F1DB6C3E6005B7C4F /* Resources */,
				8F10A7D41D2C8CB400F06E7C /* Model */,
				8F10A7D61D2C8CD300F06E7C /* Model Controller */,
				8F10A7D51D2C8CC100F06E7C /* Controller */,
				8F10A7DE1D2CAB9B00F06E7C /* View Controller */,
				8F10A7DD1D2CAB9600F06E7C /* View */,
				8F10A8291D2DB87500F06E7C /* Appearance */,
				8F49A9421DB7D63B005B7C4F /* Extension */,
			);
			path = StockTrack;
			sourceTree = "<group>";
		};
		8F10A7B41D2C739100F06E7C /* StockTrackTests */ = {
			isa = PBXGroup;
			children = (
				8F10A7B51D2C739100F06E7C /* StockTrackTests.swift */,
				8F10A7B71D2C739100F06E7C /* Info.plist */,
			);
			path = StockTrackTests;
			sourceTree = "<group>";
		};
		8F10A7BF1D2C739100F06E7C /* StockTrackUITests */ = {
			isa = PBXGroup;
			children = (
				8F10A7C01D2C739100F06E7C /* StockTrackUITests.swift */,
				8F10A7C21D2C739100F06E7C /* Info.plist */,
			);
			path = StockTrackUITests;
			sourceTree = "<group>";
		};
		8F10A7D41D2C8CB400F06E7C /* Model */ = {
			isa = PBXGroup;
			children = (
				8F10A7CE1D2C73F500F06E7C /* Stock.swift */,
			);
			name = Model;
			sourceTree = "<group>";
		};
		8F10A7D51D2C8CC100F06E7C /* Controller */ = {
			isa = PBXGroup;
			children = (
				8F10A7D01D2C7ABA00F06E7C /* NetworkController.swift */,
			);
			name = Controller;
			sourceTree = "<group>";
		};
		8F10A7D61D2C8CD300F06E7C /* Model Controller */ = {
			isa = PBXGroup;
			children = (
				8F10A7D21D2C7CF600F06E7C /* StockController.swift */,
			);
			name = "Model Controller";
			sourceTree = "<group>";
		};
		8F10A7DD1D2CAB9600F06E7C /* View */ = {
			isa = PBXGroup;
			children = (
				8F10A7DB1D2CA26F00F06E7C /* StockTableViewCell.swift */,
				8FEA78641D33FAF900A2AAAA /* StockSearchTableViewCell.swift */,
			);
			name = View;
			sourceTree = "<group>";
		};
		8F10A7DE1D2CAB9B00F06E7C /* View Controller */ = {
			isa = PBXGroup;
			children = (
				8F10A7D91D2CA19900F06E7C /* StockListViewController.swift */,
				8F49A9371DAE9250005B7C4F /* StockDetailViewController.swift */,
				8FEA78621D33F71500A2AAAA /* StockSearchViewController.swift */,
			);
			name = "View Controller";
			sourceTree = "<group>";
		};
		8F10A8291D2DB87500F06E7C /* Appearance */ = {
			isa = PBXGroup;
			children = (
				8F10A8271D2DB81F00F06E7C /* ColorPalette.swift */,
				8F10A82A1D2DB89E00F06E7C /* AppearanceController.swift */,
				8F08C4671D40A1E800DB01D9 /* CustomSearchBar.swift */,
			);
			name = Appearance;
			sourceTree = "<group>";
		};
		8F49A93F1DB6C3E6005B7C4F /* Resources */ = {
			isa = PBXGroup;
			children = (
				8F10A7A41D2C739000F06E7C /* Main.storyboard */,
				8F10A7A71D2C739000F06E7C /* Assets.xcassets */,
				8F10A7A91D2C739000F06E7C /* LaunchScreen.storyboard */,
				8F10A7AC1D2C739000F06E7C /* Info.plist */,
			);
			name = Resources;
			sourceTree = "<group>";
		};
		8F49A9421DB7D63B005B7C4F /* Extension */ = {
			isa = PBXGroup;
			children = (
				8F49A9401DB7D636005B7C4F /* NumberFormatter.swift */,
			);
			name = Extension;
			sourceTree = "<group>";
		};
/* End PBXGroup section */

/* Begin PBXNativeTarget section */
		8F10A79C1D2C739000F06E7C /* StockTrack */ = {
			isa = PBXNativeTarget;
			buildConfigurationList = 8F10A7C51D2C739100F06E7C /* Build configuration list for PBXNativeTarget "StockTrack" */;
			buildPhases = (
				8F10A7991D2C739000F06E7C /* Sources */,
				8F10A79A1D2C739000F06E7C /* Frameworks */,
				8F10A79B1D2C739000F06E7C /* Resources */,
			);
			buildRules = (
			);
			dependencies = (
			);
			name = StockTrack;
			productName = StockTrack;
			productReference = 8F10A79D1D2C739000F06E7C /* StockTrack.app */;
			productType = "com.apple.product-type.application";
		};
		8F10A7B01D2C739100F06E7C /* StockTrackTests */ = {
			isa = PBXNativeTarget;
			buildConfigurationList = 8F10A7C81D2C739100F06E7C /* Build configuration list for PBXNativeTarget "StockTrackTests" */;
			buildPhases = (
				8F10A7AD1D2C739100F06E7C /* Sources */,
				8F10A7AE1D2C739100F06E7C /* Frameworks */,
				8F10A7AF1D2C739100F06E7C /* Resources */,
			);
			buildRules = (
			);
			dependencies = (
				8F10A7B31D2C739100F06E7C /* PBXTargetDependency */,
			);
			name = StockTrackTests;
			productName = StockTrackTests;
			productReference = 8F10A7B11D2C739100F06E7C /* StockTrackTests.xctest */;
			productType = "com.apple.product-type.bundle.unit-test";
		};
		8F10A7BB1D2C739100F06E7C /* StockTrackUITests */ = {
			isa = PBXNativeTarget;
			buildConfigurationList = 8F10A7CB1D2C739100F06E7C /* Build configuration list for PBXNativeTarget "StockTrackUITests" */;
			buildPhases = (
				8F10A7B81D2C739100F06E7C /* Sources */,
				8F10A7B91D2C739100F06E7C /* Frameworks */,
				8F10A7BA1D2C739100F06E7C /* Resources */,
			);
			buildRules = (
			);
			dependencies = (
				8F10A7BE1D2C739100F06E7C /* PBXTargetDependency */,
			);
			name = StockTrackUITests;
			productName = StockTrackUITests;
			productReference = 8F10A7BC1D2C739100F06E7C /* StockTrackUITests.xctest */;
			productType = "com.apple.product-type.bundle.ui-testing";
		};
/* End PBXNativeTarget section */

/* Begin PBXProject section */
		8F10A7951D2C739000F06E7C /* Project object */ = {
			isa = PBXProject;
			attributes = {
				LastSwiftUpdateCheck = 0730;
				LastUpgradeCheck = 0800;
				ORGANIZATIONNAME = Pierre;
				TargetAttributes = {
					8F10A79C1D2C739000F06E7C = {
						CreatedOnToolsVersion = 7.3;
						DevelopmentTeam = VXY4XHS49U;
						LastSwiftMigration = 0800;
					};
					8F10A7B01D2C739100F06E7C = {
						CreatedOnToolsVersion = 7.3;
						LastSwiftMigration = 0800;
						TestTargetID = 8F10A79C1D2C739000F06E7C;
					};
					8F10A7BB1D2C739100F06E7C = {
						CreatedOnToolsVersion = 7.3;
						LastSwiftMigration = 0800;
						TestTargetID = 8F10A79C1D2C739000F06E7C;
					};
				};
			};
			buildConfigurationList = 8F10A7981D2C739000F06E7C /* Build configuration list for PBXProject "StockTrack" */;
			compatibilityVersion = "Xcode 3.2";
			developmentRegion = English;
			hasScannedForEncodings = 0;
			knownRegions = (
				en,
				Base,
			);
			mainGroup = 8F10A7941D2C739000F06E7C;
			productRefGroup = 8F10A79E1D2C739000F06E7C /* Products */;
			projectDirPath = "";
			projectRoot = "";
			targets = (
				8F10A79C1D2C739000F06E7C /* StockTrack */,
				8F10A7B01D2C739100F06E7C /* StockTrackTests */,
				8F10A7BB1D2C739100F06E7C /* StockTrackUITests */,
			);
		};
/* End PBXProject section */

/* Begin PBXResourcesBuildPhase section */
		8F10A79B1D2C739000F06E7C /* Resources */ = {
			isa = PBXResourcesBuildPhase;
			buildActionMask = 2147483647;
			files = (
				8F10A7AB1D2C739000F06E7C /* LaunchScreen.storyboard in Resources */,
				8F10A7A81D2C739000F06E7C /* Assets.xcassets in Resources */,
				8F10A7A61D2C739000F06E7C /* Main.storyboard in Resources */,
			);
			runOnlyForDeploymentPostprocessing = 0;
		};
		8F10A7AF1D2C739100F06E7C /* Resources */ = {
			isa = PBXResourcesBuildPhase;
			buildActionMask = 2147483647;
			files = (
			);
			runOnlyForDeploymentPostprocessing = 0;
		};
		8F10A7BA1D2C739100F06E7C /* Resources */ = {
			isa = PBXResourcesBuildPhase;
			buildActionMask = 2147483647;
			files = (
			);
			runOnlyForDeploymentPostprocessing = 0;
		};
/* End PBXResourcesBuildPhase section */

/* Begin PBXSourcesBuildPhase section */
		8F10A7991D2C739000F06E7C /* Sources */ = {
			isa = PBXSourcesBuildPhase;
			buildActionMask = 2147483647;
			files = (
				8F10A7D31D2C7CF600F06E7C /* StockController.swift in Sources */,
				8F10A7CF1D2C73F500F06E7C /* Stock.swift in Sources */,
				8F08C4681D40A1E800DB01D9 /* CustomSearchBar.swift in Sources */,
				8F10A8281D2DB81F00F06E7C /* ColorPalette.swift in Sources */,
				8F10A82B1D2DB89E00F06E7C /* AppearanceController.swift in Sources */,
				8F10A7A11D2C739000F06E7C /* AppDelegate.swift in Sources */,
				8FEA78631D33F71500A2AAAA /* StockSearchViewController.swift in Sources */,
				8F10A7D11D2C7ABA00F06E7C /* NetworkController.swift in Sources */,
				8F10A7DC1D2CA26F00F06E7C /* StockTableViewCell.swift in Sources */,
				8FEA78651D33FAF900A2AAAA /* StockSearchTableViewCell.swift in Sources */,
				8F49A9411DB7D636005B7C4F /* NumberFormatter.swift in Sources */,
				8F10A7DA1D2CA19900F06E7C /* StockListViewController.swift in Sources */,
				8F49A9381DAE9250005B7C4F /* StockDetailViewController.swift in Sources */,
			);
			runOnlyForDeploymentPostprocessing = 0;
		};
		8F10A7AD1D2C739100F06E7C /* Sources */ = {
			isa = PBXSourcesBuildPhase;
			buildActionMask = 2147483647;
			files = (
				8F10A7B61D2C739100F06E7C /* StockTrackTests.swift in Sources */,
			);
			runOnlyForDeploymentPostprocessing = 0;
		};
		8F10A7B81D2C739100F06E7C /* Sources */ = {
			isa = PBXSourcesBuildPhase;
			buildActionMask = 2147483647;
			files = (
				8F10A7C11D2C739100F06E7C /* StockTrackUITests.swift in Sources */,
			);
			runOnlyForDeploymentPostprocessing = 0;
		};
/* End PBXSourcesBuildPhase section */

/* Begin PBXTargetDependency section */
		8F10A7B31D2C739100F06E7C /* PBXTargetDependency */ = {
			isa = PBXTargetDependency;
			target = 8F10A79C1D2C739000F06E7C /* StockTrack */;
			targetProxy = 8F10A7B21D2C739100F06E7C /* PBXContainerItemProxy */;
		};
		8F10A7BE1D2C739100F06E7C /* PBXTargetDependency */ = {
			isa = PBXTargetDependency;
			target = 8F10A79C1D2C739000F06E7C /* StockTrack */;
			targetProxy = 8F10A7BD1D2C739100F06E7C /* PBXContainerItemProxy */;
		};
/* End PBXTargetDependency section */

/* Begin PBXVariantGroup section */
		8F10A7A41D2C739000F06E7C /* Main.storyboard */ = {
			isa = PBXVariantGroup;
			children = (
				8F10A7A51D2C739000F06E7C /* Base */,
			);
			name = Main.storyboard;
			sourceTree = "<group>";
		};
		8F10A7A91D2C739000F06E7C /* LaunchScreen.storyboard */ = {
			isa = PBXVariantGroup;
			children = (
				8F10A7AA1D2C739000F06E7C /* Base */,
			);
			name = LaunchScreen.storyboard;
			sourceTree = "<group>";
		};
/* End PBXVariantGroup section */

/* Begin XCBuildConfiguration section */
		8F10A7C31D2C739100F06E7C /* Debug */ = {
			isa = XCBuildConfiguration;
			buildSettings = {
				ALWAYS_SEARCH_USER_PATHS = NO;
				CLANG_ANALYZER_NONNULL = YES;
				CLANG_CXX_LANGUAGE_STANDARD = "gnu++0x";
				CLANG_CXX_LIBRARY = "libc++";
				CLANG_ENABLE_MODULES = YES;
				CLANG_ENABLE_OBJC_ARC = YES;
				CLANG_WARN_BOOL_CONVERSION = YES;
				CLANG_WARN_CONSTANT_CONVERSION = YES;
				CLANG_WARN_DIRECT_OBJC_ISA_USAGE = YES_ERROR;
				CLANG_WARN_EMPTY_BODY = YES;
				CLANG_WARN_ENUM_CONVERSION = YES;
				CLANG_WARN_INFINITE_RECURSION = YES;
				CLANG_WARN_INT_CONVERSION = YES;
				CLANG_WARN_OBJC_ROOT_CLASS = YES_ERROR;
				CLANG_WARN_SUSPICIOUS_MOVE = YES;
				CLANG_WARN_UNREACHABLE_CODE = YES;
				CLANG_WARN__DUPLICATE_METHOD_MATCH = YES;
				"CODE_SIGN_IDENTITY[sdk=iphoneos*]" = "iPhone Developer";
				COPY_PHASE_STRIP = NO;
				DEBUG_INFORMATION_FORMAT = dwarf;
				ENABLE_STRICT_OBJC_MSGSEND = YES;
				ENABLE_TESTABILITY = YES;
				GCC_C_LANGUAGE_STANDARD = gnu99;
				GCC_DYNAMIC_NO_PIC = NO;
				GCC_NO_COMMON_BLOCKS = YES;
				GCC_OPTIMIZATION_LEVEL = 0;
				GCC_PREPROCESSOR_DEFINITIONS = (
					"DEBUG=1",
					"$(inherited)",
				);
				GCC_WARN_64_TO_32_BIT_CONVERSION = YES;
				GCC_WARN_ABOUT_RETURN_TYPE = YES_ERROR;
				GCC_WARN_UNDECLARED_SELECTOR = YES;
				GCC_WARN_UNINITIALIZED_AUTOS = YES_AGGRESSIVE;
				GCC_WARN_UNUSED_FUNCTION = YES;
				GCC_WARN_UNUSED_VARIABLE = YES;
				IPHONEOS_DEPLOYMENT_TARGET = 9.3;
				MTL_ENABLE_DEBUG_INFO = YES;
				ONLY_ACTIVE_ARCH = YES;
				SDKROOT = iphoneos;
				SWIFT_OPTIMIZATION_LEVEL = "-Onone";
				TARGETED_DEVICE_FAMILY = "1,2";
			};
			name = Debug;
		};
		8F10A7C41D2C739100F06E7C /* Release */ = {
			isa = XCBuildConfiguration;
			buildSettings = {
				ALWAYS_SEARCH_USER_PATHS = NO;
				CLANG_ANALYZER_NONNULL = YES;
				CLANG_CXX_LANGUAGE_STANDARD = "gnu++0x";
				CLANG_CXX_LIBRARY = "libc++";
				CLANG_ENABLE_MODULES = YES;
				CLANG_ENABLE_OBJC_ARC = YES;
				CLANG_WARN_BOOL_CONVERSION = YES;
				CLANG_WARN_CONSTANT_CONVERSION = YES;
				CLANG_WARN_DIRECT_OBJC_ISA_USAGE = YES_ERROR;
				CLANG_WARN_EMPTY_BODY = YES;
				CLANG_WARN_ENUM_CONVERSION = YES;
				CLANG_WARN_INFINITE_RECURSION = YES;
				CLANG_WARN_INT_CONVERSION = YES;
				CLANG_WARN_OBJC_ROOT_CLASS = YES_ERROR;
				CLANG_WARN_SUSPICIOUS_MOVE = YES;
				CLANG_WARN_UNREACHABLE_CODE = YES;
				CLANG_WARN__DUPLICATE_METHOD_MATCH = YES;
				"CODE_SIGN_IDENTITY[sdk=iphoneos*]" = "iPhone Developer";
				COPY_PHASE_STRIP = NO;
				DEBUG_INFORMATION_FORMAT = "dwarf-with-dsym";
				ENABLE_NS_ASSERTIONS = NO;
				ENABLE_STRICT_OBJC_MSGSEND = YES;
				GCC_C_LANGUAGE_STANDARD = gnu99;
				GCC_NO_COMMON_BLOCKS = YES;
				GCC_WARN_64_TO_32_BIT_CONVERSION = YES;
				GCC_WARN_ABOUT_RETURN_TYPE = YES_ERROR;
				GCC_WARN_UNDECLARED_SELECTOR = YES;
				GCC_WARN_UNINITIALIZED_AUTOS = YES_AGGRESSIVE;
				GCC_WARN_UNUSED_FUNCTION = YES;
				GCC_WARN_UNUSED_VARIABLE = YES;
				IPHONEOS_DEPLOYMENT_TARGET = 9.3;
				MTL_ENABLE_DEBUG_INFO = NO;
				SDKROOT = iphoneos;
				SWIFT_OPTIMIZATION_LEVEL = "-Owholemodule";
				TARGETED_DEVICE_FAMILY = "1,2";
				VALIDATE_PRODUCT = YES;
			};
			name = Release;
		};
		8F10A7C61D2C739100F06E7C /* Debug */ = {
			isa = XCBuildConfiguration;
			buildSettings = {
				ASSETCATALOG_COMPILER_APPICON_NAME = AppIcon;
				DEVELOPMENT_TEAM = VXY4XHS49U;
				INFOPLIST_FILE = StockTrack/Info.plist;
				LD_RUNPATH_SEARCH_PATHS = "$(inherited) @executable_path/Frameworks";
				PRODUCT_BUNDLE_IDENTIFIER = com.Pierre.StockTrack;
				PRODUCT_NAME = "$(TARGET_NAME)";
				SWIFT_VERSION = 3.0;
				TARGETED_DEVICE_FAMILY = 1;
			};
			name = Debug;
		};
		8F10A7C71D2C739100F06E7C /* Release */ = {
			isa = XCBuildConfiguration;
			buildSettings = {
				ASSETCATALOG_COMPILER_APPICON_NAME = AppIcon;
				DEVELOPMENT_TEAM = VXY4XHS49U;
				INFOPLIST_FILE = StockTrack/Info.plist;
				LD_RUNPATH_SEARCH_PATHS = "$(inherited) @executable_path/Frameworks";
				PRODUCT_BUNDLE_IDENTIFIER = com.Pierre.StockTrack;
				PRODUCT_NAME = "$(TARGET_NAME)";
				SWIFT_VERSION = 3.0;
				TARGETED_DEVICE_FAMILY = 1;
			};
			name = Release;
		};
		8F10A7C91D2C739100F06E7C /* Debug */ = {
			isa = XCBuildConfiguration;
			buildSettings = {
				BUNDLE_LOADER = "$(TEST_HOST)";
				INFOPLIST_FILE = StockTrackTests/Info.plist;
				LD_RUNPATH_SEARCH_PATHS = "$(inherited) @executable_path/Frameworks @loader_path/Frameworks";
				PRODUCT_BUNDLE_IDENTIFIER = com.Pierre.StockTrackTests;
				PRODUCT_NAME = "$(TARGET_NAME)";
				SWIFT_VERSION = 3.0;
				TEST_HOST = "$(BUILT_PRODUCTS_DIR)/StockTrack.app/StockTrack";
			};
			name = Debug;
		};
		8F10A7CA1D2C739100F06E7C /* Release */ = {
			isa = XCBuildConfiguration;
			buildSettings = {
				BUNDLE_LOADER = "$(TEST_HOST)";
				INFOPLIST_FILE = StockTrackTests/Info.plist;
				LD_RUNPATH_SEARCH_PATHS = "$(inherited) @executable_path/Frameworks @loader_path/Frameworks";
				PRODUCT_BUNDLE_IDENTIFIER = com.Pierre.StockTrackTests;
				PRODUCT_NAME = "$(TARGET_NAME)";
				SWIFT_VERSION = 3.0;
				TEST_HOST = "$(BUILT_PRODUCTS_DIR)/StockTrack.app/StockTrack";
			};
			name = Release;
		};
		8F10A7CC1D2C739100F06E7C /* Debug */ = {
			isa = XCBuildConfiguration;
			buildSettings = {
				INFOPLIST_FILE = StockTrackUITests/Info.plist;
				LD_RUNPATH_SEARCH_PATHS = "$(inherited) @executable_path/Frameworks @loader_path/Frameworks";
				PRODUCT_BUNDLE_IDENTIFIER = com.Pierre.StockTrackUITests;
				PRODUCT_NAME = "$(TARGET_NAME)";
				SWIFT_VERSION = 3.0;
				TEST_TARGET_NAME = StockTrack;
			};
			name = Debug;
		};
		8F10A7CD1D2C739100F06E7C /* Release */ = {
			isa = XCBuildConfiguration;
			buildSettings = {
				INFOPLIST_FILE = StockTrackUITests/Info.plist;
				LD_RUNPATH_SEARCH_PATHS = "$(inherited) @executable_path/Frameworks @loader_path/Frameworks";
				PRODUCT_BUNDLE_IDENTIFIER = com.Pierre.StockTrackUITests;
				PRODUCT_NAME = "$(TARGET_NAME)";
				SWIFT_VERSION = 3.0;
				TEST_TARGET_NAME = StockTrack;
			};
			name = Release;
		};
/* End XCBuildConfiguration section */

/* Begin XCConfigurationList section */
		8F10A7981D2C739000F06E7C /* Build configuration list for PBXProject "StockTrack" */ = {
			isa = XCConfigurationList;
			buildConfigurations = (
				8F10A7C31D2C739100F06E7C /* Debug */,
				8F10A7C41D2C739100F06E7C /* Release */,
			);
			defaultConfigurationIsVisible = 0;
			defaultConfigurationName = Release;
		};
		8F10A7C51D2C739100F06E7C /* Build configuration list for PBXNativeTarget "StockTrack" */ = {
			isa = XCConfigurationList;
			buildConfigurations = (
				8F10A7C61D2C739100F06E7C /* Debug */,
				8F10A7C71D2C739100F06E7C /* Release */,
			);
			defaultConfigurationIsVisible = 0;
			defaultConfigurationName = Release;
		};
		8F10A7C81D2C739100F06E7C /* Build configuration list for PBXNativeTarget "StockTrackTests" */ = {
			isa = XCConfigurationList;
			buildConfigurations = (
				8F10A7C91D2C739100F06E7C /* Debug */,
				8F10A7CA1D2C739100F06E7C /* Release */,
			);
			defaultConfigurationIsVisible = 0;
			defaultConfigurationName = Release;
		};
		8F10A7CB1D2C739100F06E7C /* Build configuration list for PBXNativeTarget "StockTrackUITests" */ = {
			isa = XCConfigurationList;
			buildConfigurations = (
				8F10A7CC1D2C739100F06E7C /* Debug */,
				8F10A7CD1D2C739100F06E7C /* Release */,
			);
			defaultConfigurationIsVisible = 0;
			defaultConfigurationName = Release;
		};
/* End XCConfigurationList section */
	};
	rootObject = 8F10A7951D2C739000F06E7C /* Project object */;
}
